
Microsoft Visual Studio Solution File, Format Version 12.00
# Visual Studio Version 16
VisualStudioVersion = 16.0.31019.35
MinimumVisualStudioVersion = 10.0.40219.1
Project("{FAE04EC0-301F-11D3-BF4B-00C04F79EFBC}") = "FoodDash.Web", "FoodDash.Web\FoodDash.Web.csproj", "{D540110E-ECFB-47FE-926E-4C32F6E6D74D}"
	ProjectSection(ProjectDependencies) = postProject
		{4E27E906-F882-4944-991B-79220C269EF1} = {4E27E906-F882-4944-991B-79220C269EF1}
		{A30F77CA-F46A-485B-ACBA-B506E5CBF5E9} = {A30F77CA-F46A-485B-ACBA-B506E5CBF5E9}
		{047CD3E9-1128-4D71-A923-4668D4A2487C} = {047CD3E9-1128-4D71-A923-4668D4A2487C}
	EndProjectSection
EndProject
Project("{FAE04EC0-301F-11D3-BF4B-00C04F79EFBC}") = "FoodDash.BusinessLogic", "FoodDash.BusinessLogic\FoodDash.BusinessLogic.csproj", "{4E27E906-F882-4944-991B-79220C269EF1}"
	ProjectSection(ProjectDependencies) = postProject
		{A30F77CA-F46A-485B-ACBA-B506E5CBF5E9} = {A30F77CA-F46A-485B-ACBA-B506E5CBF5E9}
		{047CD3E9-1128-4D71-A923-4668D4A2487C} = {047CD3E9-1128-4D71-A923-4668D4A2487C}
	EndProjectSection
EndProject
Project("{FAE04EC0-301F-11D3-BF4B-00C04F79EFBC}") = "FoodDash.DataAccess", "FoodDash.DataAccess\FoodDash.DataAccess.csproj", "{047CD3E9-1128-4D71-A923-4668D4A2487C}"
EndProject
Project("{FAE04EC0-301F-11D3-BF4B-00C04F79EFBC}") = "FoodDash.Common", "FoodDash.Common\FoodDash.Common.csproj", "{A30F77CA-F46A-485B-ACBA-B506E5CBF5E9}"
EndProject
Global
	GlobalSection(SolutionConfigurationPlatforms) = preSolution
		Debug|Any CPU = Debug|Any CPU
		Release|Any CPU = Release|Any CPU
	EndGlobalSection
	GlobalSection(ProjectConfigurationPlatforms) = postSolution
		{D540110E-ECFB-47FE-926E-4C32F6E6D74D}.Debug|Any CPU.ActiveCfg = Debug|Any CPU
		{D540110E-ECFB-47FE-926E-4C32F6E6D74D}.Debug|Any CPU.Build.0 = Debug|Any CPU
		{D540110E-ECFB-47FE-926E-4C32F6E6D74D}.Release|Any CPU.ActiveCfg = Release|Any CPU
		{D540110E-ECFB-47FE-926E-4C32F6E6D74D}.Release|Any CPU.Build.0 = Release|Any CPU
		{4E27E906-F882-4944-991B-79220C269EF1}.Debug|Any CPU.ActiveCfg = Debug|Any CPU
		{4E27E906-F882-4944-991B-79220C269EF1}.Debug|Any CPU.Build.0 = Debug|Any CPU
		{4E27E906-F882-4944-991B-79220C269EF1}.Release|Any CPU.ActiveCfg = Release|Any CPU
		{4E27E906-F882-4944-991B-79220C269EF1}.Release|Any CPU.Build.0 = Release|Any CPU
		{047CD3E9-1128-4D71-A923-4668D4A2487C}.Debug|Any CPU.ActiveCfg = Debug|Any CPU
		{047CD3E9-1128-4D71-A923-4668D4A2487C}.Debug|Any CPU.Build.0 = Debug|Any CPU
		{047CD3E9-1128-4D71-A923-4668D4A2487C}.Release|Any CPU.ActiveCfg = Release|Any CPU
		{047CD3E9-1128-4D71-A923-4668D4A2487C}.Release|Any CPU.Build.0 = Release|Any CPU
		{A30F77CA-F46A-485B-ACBA-B506E5CBF5E9}.Debug|Any CPU.ActiveCfg = Debug|Any CPU
		{A30F77CA-F46A-485B-ACBA-B506E5CBF5E9}.Debug|Any CPU.Build.0 = Debug|Any CPU
		{A30F77CA-F46A-485B-ACBA-B506E5CBF5E9}.Release|Any CPU.ActiveCfg = Release|Any CPU
		{A30F77CA-F46A-485B-ACBA-B506E5CBF5E9}.Release|Any CPU.Build.0 = Release|Any CPU
	EndGlobalSection
	GlobalSection(SolutionProperties) = preSolution
		HideSolutionNode = FALSE
	EndGlobalSection
	GlobalSection(ExtensibilityGlobals) = postSolution
		SolutionGuid = {79813AD9-5A4C-46B9-9FCE-5F578F08FDF0}
	EndGlobalSection
EndGlobal
